// !$*UTF8*$!
{
	archiveVersion = 1;
	classes = {
	};
	objectVersion = 46;
	objects = {

/* Begin PBXBuildFile section */
		652F43E31C362B790052B835 /* AppDelegate.swift in Sources */ = {isa = PBXBuildFile; fileRef = 652F43E21C362B790052B835 /* AppDelegate.swift */; };
		652F43E51C362B790052B835 /* ViewController.swift in Sources */ = {isa = PBXBuildFile; fileRef = 652F43E41C362B790052B835 /* ViewController.swift */; };
		652F43E81C362B790052B835 /* Main.storyboard in Resources */ = {isa = PBXBuildFile; fileRef = 652F43E61C362B790052B835 /* Main.storyboard */; };
		652F43EA1C362B790052B835 /* Assets.xcassets in Resources */ = {isa = PBXBuildFile; fileRef = 652F43E91C362B790052B835 /* Assets.xcassets */; };
		652F43ED1C362B790052B835 /* LaunchScreen.storyboard in Resources */ = {isa = PBXBuildFile; fileRef = 652F43EB1C362B790052B835 /* LaunchScreen.storyboard */; };
		652F43F51C362F1C0052B835 /* CoreLocation.framework in Frameworks */ = {isa = PBXBuildFile; fileRef = 652F43F41C362F1C0052B835 /* CoreLocation.framework */; };
/* End PBXBuildFile section */

/* Begin PBXFileReference section */
		652F43DF1C362B790052B835 /* where am I?.app */ = {isa = PBXFileReference; explicitFileType = wrapper.application; includeInIndex = 0; path = "where am I?.app"; sourceTree = BUILT_PRODUCTS_DIR; };
		652F43E21C362B790052B835 /* AppDelegate.swift */ = {isa = PBXFileReference; lastKnownFileType = sourcecode.swift; path = AppDelegate.swift; sourceTree = "<group>"; };
		652F43E41C362B790052B835 /* ViewController.swift */ = {isa = PBXFileReference; lastKnownFileType = sourcecode.swift; path = ViewController.swift; sourceTree = "<group>"; };
		652F43E71C362B790052B835 /* Base */ = {isa = PBXFileReference; lastKnownFileType = file.storyboard; name = Base; path = Base.lproj/Main.storyboard; sourceTree = "<group>"; };
		652F43E91C362B790052B835 /* Assets.xcassets */ = {isa = PBXFileReference; lastKnownFileType = folder.assetcatalog; path = Assets.xcassets; sourceTree = "<group>"; };
		652F43EC1C362B790052B835 /* Base */ = {isa = PBXFileReference; lastKnownFileType = file.storyboard; name = Base; path = Base.lproj/LaunchScreen.storyboard; sourceTree = "<group>"; };
		652F43EE1C362B790052B835 /* Info.plist */ = {isa = PBXFileReference; lastKnownFileType = text.plist.xml; path = Info.plist; sourceTree = "<group>"; };
		652F43F41C362F1C0052B835 /* CoreLocation.framework */ = {isa = PBXFileReference; lastKnownFileType = wrapper.framework; name = CoreLocation.framework; path = System/Library/Frameworks/CoreLocation.framework; sourceTree = SDKROOT; };
/* End PBXFileReference section */

/* Begin PBXFrameworksBuildPhase section */
		652F43DC1C362B790052B835 /* Frameworks */ = {
			isa = PBXFrameworksBuildPhase;
			buildActionMask = 2147483647;
			files = (
				652F43F51C362F1C0052B835 /* CoreLocation.framework in Frameworks */,
			);
			runOnlyForDeploymentPostprocessing = 0;
		};
/* End PBXFrameworksBuildPhase section */

/* Begin PBXGroup section */
		652F43D61C362B790052B835 = {
			isa = PBXGroup;
			children = (
				652F43F41C362F1C0052B835 /* CoreLocation.framework */,
				652F43E11C362B790052B835 /* where am I? */,
				652F43E01C362B790052B835 /* Products */,
			);
			sourceTree = "<group>";
		};
		652F43E01C362B790052B835 /* Products */ = {
			isa = PBXGroup;
			children = (
				652F43DF1C362B790052B835 /* where am I?.app */,
			);
			name = Products;
			sourceTree = "<group>";
		};
		652F43E11C362B790052B835 /* where am I? */ = {
			isa = PBXGroup;
			children = (
				652F43E21C362B790052B835 /* AppDelegate.swift */,
				652F43E41C362B790052B835 /* ViewController.swift */,
				652F43E61C362B790052B835 /* Main.storyboard */,
				652F43E91C362B790052B835 /* Assets.xcassets */,
				652F43EB1C362B790052B835 /* LaunchScreen.storyboard */,
				652F43EE1C362B790052B835 /* Info.plist */,
			);
			path = "where am I?";
			sourceTree = "<group>";
		};
/* End PBXGroup section */

/* Begin PBXNativeTarget section */
		652F43DE1C362B790052B835 /* where am I? */ = {
			isa = PBXNativeTarget;
			buildConfigurationList = 652F43F11C362B790052B835 /* Build configuration list for PBXNativeTarget "where am I?" */;
			buildPhases = (
				652F43DB1C362B790052B835 /* Sources */,
				652F43DC1C362B790052B835 /* Frameworks */,
				652F43DD1C362B790052B835 /* Resources */,
			);
			buildRules = (
			);
			dependencies = (
			);
			name = "where am I?";
			productName = "where am I?";
			productReference = 652F43DF1C362B790052B835 /* where am I?.app */;
			productType = "com.apple.product-type.application";
		};
/* End PBXNativeTarget section */

/* Begin PBXProject section */
		652F43D71C362B790052B835 /* Project object */ = {
			isa = PBXProject;
			attributes = {
				LastSwiftUpdateCheck = 0720;
				LastUpgradeCheck = 0720;
				ORGANIZATIONNAME = "迫 佑樹";
				TargetAttributes = {
					652F43DE1C362B790052B835 = {
						CreatedOnToolsVersion = 7.2;
						DevelopmentTeam = 5M8P7CU8H5;
					};
				};
			};
			buildConfigurationList = 652F43DA1C362B790052B835 /* Build configuration list for PBXProject "where am I?" */;
			compatibilityVersion = "Xcode 3.2";
			developmentRegion = English;
			hasScannedForEncodings = 0;
			knownRegions = (
				en,
				Base,
			);
			mainGroup = 652F43D61C362B790052B835;
			productRefGroup = 652F43E01C362B790052B835 /* Products */;
			projectDirPath = "";
			projectRoot = "";
			targets = (
				652F43DE1C362B790052B835 /* where am I? */,
			);
		};
/* End PBXProject section */

/* Begin PBXResourcesBuildPhase section */
		652F43DD1C362B790052B835 /* Resources */ = {
			isa = PBXResourcesBuildPhase;
			buildActionMask = 2147483647;
			files = (
				652F43ED1C362B790052B835 /* LaunchScreen.storyboard in Resources */,
				652F43EA1C362B790052B835 /* Assets.xcassets in Resources */,
				652F43E81C362B790052B835 /* Main.storyboard in Resources */,
			);
			runOnlyForDeploymentPostprocessing = 0;
		};
/* End PBXResourcesBuildPhase section */

/* Begin PBXSourcesBuildPhase section */
		652F43DB1C362B790052B835 /* Sources */ = {
			isa = PBXSourcesBuildPhase;
			buildActionMask = 2147483647;
			files = (
				652F43E51C362B790052B835 /* ViewController.swift in Sources */,
				652F43E31C362B790052B835 /* AppDelegate.swift in Sources */,
			);
			runOnlyForDeploymentPostprocessing = 0;
		};
/* End PBXSourcesBuildPhase section */

/* Begin PBXVariantGroup section */
		652F43E61C362B790052B835 /* Main.storyboard */ = {
			isa = PBXVariantGroup;
			children = (
				652F43E71C362B790052B835 /* Base */,
			);
			name = Main.storyboard;
			sourceTree = "<group>";
		};
		652F43EB1C362B790052B835 /* LaunchScreen.storyboard */ = {
			isa = PBXVariantGroup;
			children = (
				652F43EC1C362B790052B835 /* Base */,
			);
			name = LaunchScreen.storyboard;
			sourceTree = "<group>";
		};
/* End PBXVariantGroup section */

/* Begin XCBuildConfiguration section */
		652F43EF1C362B790052B835 /* Debug */ = {
			isa = XCBuildConfiguration;
			buildSettings = {
				ALWAYS_SEARCH_USER_PATHS = NO;
				CLANG_CXX_LANGUAGE_STANDARD = "gnu++0x";
				CLANG_CXX_LIBRARY = "libc++";
				CLANG_ENABLE_MODULES = YES;
				CLANG_ENABLE_OBJC_ARC = YES;
				CLANG_WARN_BOOL_CONVERSION = YES;
				CLANG_WARN_CONSTANT_CONVERSION = YES;
				CLANG_WARN_DIRECT_OBJC_ISA_USAGE = YES_ERROR;
				CLANG_WARN_EMPTY_BODY = YES;
				CLANG_WARN_ENUM_CONVERSION = YES;
				CLANG_WARN_INT_CONVERSION = YES;
				CLANG_WARN_OBJC_ROOT_CLASS = YES_ERROR;
				CLANG_WARN_UNREACHABLE_CODE = YES;
				CLANG_WARN__DUPLICATE_METHOD_MATCH = YES;
				"CODE_SIGN_IDENTITY[sdk=iphoneos*]" = "iPhone Developer";
				COPY_PHASE_STRIP = NO;
				DEBUG_INFORMATION_FORMAT = dwarf;
				ENABLE_STRICT_OBJC_MSGSEND = YES;
				ENABLE_TESTABILITY = YES;
				GCC_C_LANGUAGE_STANDARD = gnu99;
				GCC_DYNAMIC_NO_PIC = NO;
				GCC_NO_COMMON_BLOCKS = YES;
				GCC_OPTIMIZATION_LEVEL = 0;
				GCC_PREPROCESSOR_DEFINITIONS = (
					"DEBUG=1",
					"$(inherited)",
				);
				GCC_WARN_64_TO_32_BIT_CONVERSION = YES;
				GCC_WARN_ABOUT_RETURN_TYPE = YES_ERROR;
				GCC_WARN_UNDECLARED_SELECTOR = YES;
				GCC_WARN_UNINITIALIZED_AUTOS = YES_AGGRESSIVE;
				GCC_WARN_UNUSED_FUNCTION = YES;
				GCC_WARN_UNUSED_VARIABLE = YES;
				IPHONEOS_DEPLOYMENT_TARGET = 9.2;
				MTL_ENABLE_DEBUG_INFO = YES;
				ONLY_ACTIVE_ARCH = YES;
				SDKROOT = iphoneos;
				SWIFT_OPTIMIZATION_LEVEL = "-Onone";
			};
			name = Debug;
		};
		652F43F01C362B790052B835 /* Release */ = {
			isa = XCBuildConfiguration;
			buildSettings = {
				ALWAYS_SEARCH_USER_PATHS = NO;
				CLANG_CXX_LANGUAGE_STANDARD = "gnu++0x";
				CLANG_CXX_LIBRARY = "libc++";
				CLANG_ENABLE_MODULES = YES;
				CLANG_ENABLE_OBJC_ARC = YES;
				CLANG_WARN_BOOL_CONVERSION = YES;
				CLANG_WARN_CONSTANT_CONVERSION = YES;
				CLANG_WARN_DIRECT_OBJC_ISA_USAGE = YES_ERROR;
				CLANG_WARN_EMPTY_BODY = YES;
				CLANG_WARN_ENUM_CONVERSION = YES;
				CLANG_WARN_INT_CONVERSION = YES;
				CLANG_WARN_OBJC_ROOT_CLASS = YES_ERROR;
				CLANG_WARN_UNREACHABLE_CODE = YES;
				CLANG_WARN__DUPLICATE_METHOD_MATCH = YES;
				"CODE_SIGN_IDENTITY[sdk=iphoneos*]" = "iPhone Developer";
				COPY_PHASE_STRIP = NO;
				DEBUG_INFORMATION_FORMAT = "dwarf-with-dsym";
				ENABLE_NS_ASSERTIONS = NO;
				ENABLE_STRICT_OBJC_MSGSEND = YES;
				GCC_C_LANGUAGE_STANDARD = gnu99;
				GCC_NO_COMMON_BLOCKS = YES;
				GCC_WARN_64_TO_32_BIT_CONVERSION = YES;
				GCC_WARN_ABOUT_RETURN_TYPE = YES_ERROR;
				GCC_WARN_UNDECLARED_SELECTOR = YES;
				GCC_WARN_UNINITIALIZED_AUTOS = YES_AGGRESSIVE;
				GCC_WARN_UNUSED_FUNCTION = YES;
				GCC_WARN_UNUSED_VARIABLE = YES;
				IPHONEOS_DEPLOYMENT_TARGET = 9.2;
				MTL_ENABLE_DEBUG_INFO = NO;
				SDKROOT = iphoneos;
				VALIDATE_PRODUCT = YES;
			};
			name = Release;
		};
		652F43F21C362B790052B835 /* Debug */ = {
			isa = XCBuildConfiguration;
			buildSettings = {
				ASSETCATALOG_COMPILER_APPICON_NAME = AppIcon;
				INFOPLIST_FILE = "where am I?/Info.plist";
				LD_RUNPATH_SEARCH_PATHS = "$(inherited) @executable_path/Frameworks";
				PRODUCT_BUNDLE_IDENTIFIER = "io.github.yukisako.where-am-I-";
				PRODUCT_NAME = "$(TARGET_NAME)";
			};
			name = Debug;
		};
		652F43F31C362B790052B835 /* Release */ = {
			isa = XCBuildConfiguration;
			buildSettings = {
				ASSETCATALOG_COMPILER_APPICON_NAME = AppIcon;
				INFOPLIST_FILE = "where am I?/Info.plist";
				LD_RUNPATH_SEARCH_PATHS = "$(inherited) @executable_path/Frameworks";
				PRODUCT_BUNDLE_IDENTIFIER = "io.github.yukisako.where-am-I-";
				PRODUCT_NAME = "$(TARGET_NAME)";
			};
			name = Release;
		};
/* End XCBuildConfiguration section */

/* Begin XCConfigurationList section */
		652F43DA1C362B790052B835 /* Build configuration list for PBXProject "where am I?" */ = {
			isa = XCConfigurationList;
			buildConfigurations = (
				652F43EF1C362B790052B835 /* Debug */,
				652F43F01C362B790052B835 /* Release */,
			);
			defaultConfigurationIsVisible = 0;
			defaultConfigurationName = Release;
		};
		652F43F11C362B790052B835 /* Build configuration list for PBXNativeTarget "where am I?" */ = {
			isa = XCConfigurationList;
			buildConfigurations = (
				652F43F21C362B790052B835 /* Debug */,
				652F43F31C362B790052B835 /* Release */,
			);
			defaultConfigurationIsVisible = 0;
		};
/* End XCConfigurationList section */
	};
	rootObject = 652F43D71C362B790052B835 /* Project object */;
}
